// !$*UTF8*$!
{
	archiveVersion = 1;
	classes = {
	};
	objectVersion = 56;
	objects = {

/* Begin PBXBuildFile section */
		9F9DBDD42CCEEE6F00F927DC /* MovieTableView.swift in Sources */ = {isa = PBXBuildFile; fileRef = 9F9DBDD32CCEEE6F00F927DC /* MovieTableView.swift */; };
		9FE3BEAE2C1FB209007071BD /* TopMoviesApp.swift in Sources */ = {isa = PBXBuildFile; fileRef = 9FE3BEAD2C1FB209007071BD /* TopMoviesApp.swift */; };
		9FE3BEB02C1FB209007071BD /* ContentView.swift in Sources */ = {isa = PBXBuildFile; fileRef = 9FE3BEAF2C1FB209007071BD /* ContentView.swift */; };
		9FE3BEB22C1FB20A007071BD /* Assets.xcassets in Resources */ = {isa = PBXBuildFile; fileRef = 9FE3BEB12C1FB20A007071BD /* Assets.xcassets */; };
		9FE3BEB52C1FB20A007071BD /* Preview Assets.xcassets in Resources */ = {isa = PBXBuildFile; fileRef = 9FE3BEB42C1FB20A007071BD /* Preview Assets.xcassets */; };
		9FE3BEC12C1FB2C5007071BD /* Movie.swift in Sources */ = {isa = PBXBuildFile; fileRef = 9FE3BEC02C1FB2C5007071BD /* Movie.swift */; };
		9FE3BEC32C1FB2CF007071BD /* MovieResponse.swift in Sources */ = {isa = PBXBuildFile; fileRef = 9FE3BEC22C1FB2CF007071BD /* MovieResponse.swift */; };
		9FE3BEC52C1FB2FB007071BD /* MovieListView.swift in Sources */ = {isa = PBXBuildFile; fileRef = 9FE3BEC42C1FB2FB007071BD /* MovieListView.swift */; };
		9FE3BEC72C1FB30D007071BD /* MovieDetailView.swift in Sources */ = {isa = PBXBuildFile; fileRef = 9FE3BEC62C1FB30D007071BD /* MovieDetailView.swift */; };
		9FE3BEC92C1FB322007071BD /* DetailView.swift in Sources */ = {isa = PBXBuildFile; fileRef = 9FE3BEC82C1FB322007071BD /* DetailView.swift */; };
		9FE3BECB2C1FB339007071BD /* CheckmarkDialog.swift in Sources */ = {isa = PBXBuildFile; fileRef = 9FE3BECA2C1FB339007071BD /* CheckmarkDialog.swift */; };
		9FE3BECD2C1FB352007071BD /* NotAvailableDialog.swift in Sources */ = {isa = PBXBuildFile; fileRef = 9FE3BECC2C1FB352007071BD /* NotAvailableDialog.swift */; };
		9FE3BECF2C1FB366007071BD /* LoadingScreenView.swift in Sources */ = {isa = PBXBuildFile; fileRef = 9FE3BECE2C1FB366007071BD /* LoadingScreenView.swift */; };
		9FE3BED12C1FB37A007071BD /* MoviesViewModel.swift in Sources */ = {isa = PBXBuildFile; fileRef = 9FE3BED02C1FB37A007071BD /* MoviesViewModel.swift */; };
		9FE3BED92C1FB3E8007071BD /* NetflixSans-Bold.ttf in Resources */ = {isa = PBXBuildFile; fileRef = 9FE3BED52C1FB3E8007071BD /* NetflixSans-Bold.ttf */; };
		9FE3BEDA2C1FB3E8007071BD /* NetflixSans-Regular.ttf in Resources */ = {isa = PBXBuildFile; fileRef = 9FE3BED62C1FB3E8007071BD /* NetflixSans-Regular.ttf */; };
		9FE3BEDB2C1FB3E8007071BD /* NetflixSans-Light.ttf in Resources */ = {isa = PBXBuildFile; fileRef = 9FE3BED72C1FB3E8007071BD /* NetflixSans-Light.ttf */; };
		9FE3BEDC2C1FB3E8007071BD /* NetflixSans-Medium.ttf in Resources */ = {isa = PBXBuildFile; fileRef = 9FE3BED82C1FB3E8007071BD /* NetflixSans-Medium.ttf */; };
		9FE3BEDE2C1FB4B3007071BD /* ImageLoader.swift in Sources */ = {isa = PBXBuildFile; fileRef = 9FE3BEDD2C1FB4B3007071BD /* ImageLoader.swift */; };
		9FE3BEE02C1FB4C3007071BD /* Extensions.swift in Sources */ = {isa = PBXBuildFile; fileRef = 9FE3BEDF2C1FB4C3007071BD /* Extensions.swift */; };
/* End PBXBuildFile section */

/* Begin PBXFileReference section */
		9F9DBDD32CCEEE6F00F927DC /* MovieTableView.swift */ = {isa = PBXFileReference; lastKnownFileType = sourcecode.swift; path = MovieTableView.swift; sourceTree = "<group>"; };
		9FE3BEAA2C1FB209007071BD /* TopMovies.app */ = {isa = PBXFileReference; explicitFileType = wrapper.application; includeInIndex = 0; path = TopMovies.app; sourceTree = BUILT_PRODUCTS_DIR; };
		9FE3BEAD2C1FB209007071BD /* TopMoviesApp.swift */ = {isa = PBXFileReference; lastKnownFileType = sourcecode.swift; path = TopMoviesApp.swift; sourceTree = "<group>"; };
		9FE3BEAF2C1FB209007071BD /* ContentView.swift */ = {isa = PBXFileReference; lastKnownFileType = sourcecode.swift; path = ContentView.swift; sourceTree = "<group>"; };
		9FE3BEB12C1FB20A007071BD /* Assets.xcassets */ = {isa = PBXFileReference; lastKnownFileType = folder.assetcatalog; path = Assets.xcassets; sourceTree = "<group>"; };
		9FE3BEB42C1FB20A007071BD /* Preview Assets.xcassets */ = {isa = PBXFileReference; lastKnownFileType = folder.assetcatalog; path = "Preview Assets.xcassets"; sourceTree = "<group>"; };
		9FE3BEC02C1FB2C5007071BD /* Movie.swift */ = {isa = PBXFileReference; lastKnownFileType = sourcecode.swift; path = Movie.swift; sourceTree = "<group>"; };
		9FE3BEC22C1FB2CF007071BD /* MovieResponse.swift */ = {isa = PBXFileReference; lastKnownFileType = sourcecode.swift; path = MovieResponse.swift; sourceTree = "<group>"; };
		9FE3BEC42C1FB2FB007071BD /* MovieListView.swift */ = {isa = PBXFileReference; lastKnownFileType = sourcecode.swift; path = MovieListView.swift; sourceTree = "<group>"; };
		9FE3BEC62C1FB30D007071BD /* MovieDetailView.swift */ = {isa = PBXFileReference; lastKnownFileType = sourcecode.swift; path = MovieDetailView.swift; sourceTree = "<group>"; };
		9FE3BEC82C1FB322007071BD /* DetailView.swift */ = {isa = PBXFileReference; lastKnownFileType = sourcecode.swift; path = DetailView.swift; sourceTree = "<group>"; };
		9FE3BECA2C1FB339007071BD /* CheckmarkDialog.swift */ = {isa = PBXFileReference; lastKnownFileType = sourcecode.swift; path = CheckmarkDialog.swift; sourceTree = "<group>"; };
		9FE3BECC2C1FB352007071BD /* NotAvailableDialog.swift */ = {isa = PBXFileReference; lastKnownFileType = sourcecode.swift; path = NotAvailableDialog.swift; sourceTree = "<group>"; };
		9FE3BECE2C1FB366007071BD /* LoadingScreenView.swift */ = {isa = PBXFileReference; lastKnownFileType = sourcecode.swift; path = LoadingScreenView.swift; sourceTree = "<group>"; };
		9FE3BED02C1FB37A007071BD /* MoviesViewModel.swift */ = {isa = PBXFileReference; lastKnownFileType = sourcecode.swift; path = MoviesViewModel.swift; sourceTree = "<group>"; };
		9FE3BED22C1FB397007071BD /* Info.plist */ = {isa = PBXFileReference; fileEncoding = 4; lastKnownFileType = text.plist.xml; path = Info.plist; sourceTree = "<group>"; };
		9FE3BED52C1FB3E8007071BD /* NetflixSans-Bold.ttf */ = {isa = PBXFileReference; lastKnownFileType = file; path = "NetflixSans-Bold.ttf"; sourceTree = "<group>"; };
		9FE3BED62C1FB3E8007071BD /* NetflixSans-Regular.ttf */ = {isa = PBXFileReference; lastKnownFileType = file; path = "NetflixSans-Regular.ttf"; sourceTree = "<group>"; };
		9FE3BED72C1FB3E8007071BD /* NetflixSans-Light.ttf */ = {isa = PBXFileReference; lastKnownFileType = file; path = "NetflixSans-Light.ttf"; sourceTree = "<group>"; };
		9FE3BED82C1FB3E8007071BD /* NetflixSans-Medium.ttf */ = {isa = PBXFileReference; lastKnownFileType = file; path = "NetflixSans-Medium.ttf"; sourceTree = "<group>"; };
		9FE3BEDD2C1FB4B3007071BD /* ImageLoader.swift */ = {isa = PBXFileReference; lastKnownFileType = sourcecode.swift; path = ImageLoader.swift; sourceTree = "<group>"; };
		9FE3BEDF2C1FB4C3007071BD /* Extensions.swift */ = {isa = PBXFileReference; lastKnownFileType = sourcecode.swift; path = Extensions.swift; sourceTree = "<group>"; };
/* End PBXFileReference section */

/* Begin PBXFrameworksBuildPhase section */
		9FE3BEA72C1FB209007071BD /* Frameworks */ = {
			isa = PBXFrameworksBuildPhase;
			buildActionMask = 2147483647;
			files = (
			);
			runOnlyForDeploymentPostprocessing = 0;
		};
/* End PBXFrameworksBuildPhase section */

/* Begin PBXGroup section */
		9F9DBDD22CCECF7C00F927DC /* Dialogs */ = {
			isa = PBXGroup;
			children = (
				9FE3BECA2C1FB339007071BD /* CheckmarkDialog.swift */,
				9FE3BECC2C1FB352007071BD /* NotAvailableDialog.swift */,
			);
			path = Dialogs;
			sourceTree = "<group>";
		};
		9FE3BEA12C1FB209007071BD = {
			isa = PBXGroup;
			children = (
				9FE3BEAC2C1FB209007071BD /* TopMovies */,
				9FE3BEAB2C1FB209007071BD /* Products */,
			);
			sourceTree = "<group>";
		};
		9FE3BEAB2C1FB209007071BD /* Products */ = {
			isa = PBXGroup;
			children = (
				9FE3BEAA2C1FB209007071BD /* TopMovies.app */,
			);
			name = Products;
			sourceTree = "<group>";
		};
		9FE3BEAC2C1FB209007071BD /* TopMovies */ = {
			isa = PBXGroup;
			children = (
				9FE3BEAD2C1FB209007071BD /* TopMoviesApp.swift */,
				9FE3BEBB2C1FB22B007071BD /* Models */,
				9FE3BEBC2C1FB236007071BD /* Views */,
				9FE3BEBD2C1FB243007071BD /* ViewModels */,
				9FE3BED22C1FB397007071BD /* Info.plist */,
				9FE3BEBE2C1FB255007071BD /* Supporting */,
				9FE3BEB32C1FB20A007071BD /* Preview Content */,
			);
			path = TopMovies;
			sourceTree = "<group>";
		};
		9FE3BEB32C1FB20A007071BD /* Preview Content */ = {
			isa = PBXGroup;
			children = (
				9FE3BEB42C1FB20A007071BD /* Preview Assets.xcassets */,
			);
			path = "Preview Content";
			sourceTree = "<group>";
		};
		9FE3BEBB2C1FB22B007071BD /* Models */ = {
			isa = PBXGroup;
			children = (
				9FE3BEC02C1FB2C5007071BD /* Movie.swift */,
				9FE3BEC22C1FB2CF007071BD /* MovieResponse.swift */,
			);
			path = Models;
			sourceTree = "<group>";
		};
		9FE3BEBC2C1FB236007071BD /* Views */ = {
			isa = PBXGroup;
			children = (
				9FE3BEAF2C1FB209007071BD /* ContentView.swift */,
				9FE3BEC42C1FB2FB007071BD /* MovieListView.swift */,
				9F9DBDD32CCEEE6F00F927DC /* MovieTableView.swift */,
				9FE3BEC82C1FB322007071BD /* DetailView.swift */,
				9FE3BEC62C1FB30D007071BD /* MovieDetailView.swift */,
				9F9DBDD22CCECF7C00F927DC /* Dialogs */,
				9FE3BECE2C1FB366007071BD /* LoadingScreenView.swift */,
			);
			path = Views;
			sourceTree = "<group>";
		};
		9FE3BEBD2C1FB243007071BD /* ViewModels */ = {
			isa = PBXGroup;
			children = (
				9FE3BED02C1FB37A007071BD /* MoviesViewModel.swift */,
			);
			path = ViewModels;
			sourceTree = "<group>";
		};
		9FE3BEBE2C1FB255007071BD /* Supporting */ = {
			isa = PBXGroup;
			children = (
				9FE3BEBF2C1FB262007071BD /* Resources */,
				9FE3BEDD2C1FB4B3007071BD /* ImageLoader.swift */,
				9FE3BEDF2C1FB4C3007071BD /* Extensions.swift */,
			);
			path = Supporting;
			sourceTree = "<group>";
		};
		9FE3BEBF2C1FB262007071BD /* Resources */ = {
			isa = PBXGroup;
			children = (
				9FE3BEB12C1FB20A007071BD /* Assets.xcassets */,
				9FE3BED42C1FB3BA007071BD /* Fonts */,
			);
			path = Resources;
			sourceTree = "<group>";
		};
		9FE3BED42C1FB3BA007071BD /* Fonts */ = {
			isa = PBXGroup;
			children = (
				9FE3BED52C1FB3E8007071BD /* NetflixSans-Bold.ttf */,
				9FE3BED72C1FB3E8007071BD /* NetflixSans-Light.ttf */,
				9FE3BED82C1FB3E8007071BD /* NetflixSans-Medium.ttf */,
				9FE3BED62C1FB3E8007071BD /* NetflixSans-Regular.ttf */,
			);
			path = Fonts;
			sourceTree = "<group>";
		};
/* End PBXGroup section */

/* Begin PBXNativeTarget section */
		9FE3BEA92C1FB209007071BD /* TopMovies */ = {
			isa = PBXNativeTarget;
			buildConfigurationList = 9FE3BEB82C1FB20A007071BD /* Build configuration list for PBXNativeTarget "TopMovies" */;
			buildPhases = (
				9FE3BEA62C1FB209007071BD /* Sources */,
				9FE3BEA72C1FB209007071BD /* Frameworks */,
				9FE3BEA82C1FB209007071BD /* Resources */,
			);
			buildRules = (
			);
			dependencies = (
			);
			name = TopMovies;
			productName = TopMovies;
			productReference = 9FE3BEAA2C1FB209007071BD /* TopMovies.app */;
			productType = "com.apple.product-type.application";
		};
/* End PBXNativeTarget section */

/* Begin PBXProject section */
		9FE3BEA22C1FB209007071BD /* Project object */ = {
			isa = PBXProject;
			attributes = {
				BuildIndependentTargetsInParallel = 1;
				LastSwiftUpdateCheck = 1500;
				LastUpgradeCheck = 1500;
				TargetAttributes = {
					9FE3BEA92C1FB209007071BD = {
						CreatedOnToolsVersion = 15.0.1;
					};
				};
			};
			buildConfigurationList = 9FE3BEA52C1FB209007071BD /* Build configuration list for PBXProject "TopMovies" */;
			compatibilityVersion = "Xcode 14.0";
			developmentRegion = en;
			hasScannedForEncodings = 0;
			knownRegions = (
				en,
				Base,
			);
			mainGroup = 9FE3BEA12C1FB209007071BD;
			productRefGroup = 9FE3BEAB2C1FB209007071BD /* Products */;
			projectDirPath = "";
			projectRoot = "";
			targets = (
				9FE3BEA92C1FB209007071BD /* TopMovies */,
			);
		};
/* End PBXProject section */

/* Begin PBXResourcesBuildPhase section */
		9FE3BEA82C1FB209007071BD /* Resources */ = {
			isa = PBXResourcesBuildPhase;
			buildActionMask = 2147483647;
			files = (
				9FE3BEDC2C1FB3E8007071BD /* NetflixSans-Medium.ttf in Resources */,
				9FE3BEB52C1FB20A007071BD /* Preview Assets.xcassets in Resources */,
				9FE3BEDB2C1FB3E8007071BD /* NetflixSans-Light.ttf in Resources */,
				9FE3BEDA2C1FB3E8007071BD /* NetflixSans-Regular.ttf in Resources */,
				9FE3BED92C1FB3E8007071BD /* NetflixSans-Bold.ttf in Resources */,
				9FE3BEB22C1FB20A007071BD /* Assets.xcassets in Resources */,
			);
			runOnlyForDeploymentPostprocessing = 0;
		};
/* End PBXResourcesBuildPhase section */

/* Begin PBXSourcesBuildPhase section */
		9FE3BEA62C1FB209007071BD /* Sources */ = {
			isa = PBXSourcesBuildPhase;
			buildActionMask = 2147483647;
			files = (
				9FE3BEC72C1FB30D007071BD /* MovieDetailView.swift in Sources */,
				9FE3BECB2C1FB339007071BD /* CheckmarkDialog.swift in Sources */,
				9FE3BEDE2C1FB4B3007071BD /* ImageLoader.swift in Sources */,
				9FE3BEB02C1FB209007071BD /* ContentView.swift in Sources */,
				9FE3BECF2C1FB366007071BD /* LoadingScreenView.swift in Sources */,
				9FE3BED12C1FB37A007071BD /* MoviesViewModel.swift in Sources */,
				9FE3BEC32C1FB2CF007071BD /* MovieResponse.swift in Sources */,
				9FE3BEC92C1FB322007071BD /* DetailView.swift in Sources */,
				9FE3BEE02C1FB4C3007071BD /* Extensions.swift in Sources */,
				9FE3BEC52C1FB2FB007071BD /* MovieListView.swift in Sources */,
				9FE3BECD2C1FB352007071BD /* NotAvailableDialog.swift in Sources */,
				9FE3BEAE2C1FB209007071BD /* TopMoviesApp.swift in Sources */,
				9F9DBDD42CCEEE6F00F927DC /* MovieTableView.swift in Sources */,
				9FE3BEC12C1FB2C5007071BD /* Movie.swift in Sources */,
			);
			runOnlyForDeploymentPostprocessing = 0;
		};
/* End PBXSourcesBuildPhase section */

/* Begin XCBuildConfiguration section */
		9FE3BEB62C1FB20A007071BD /* Debug */ = {
			isa = XCBuildConfiguration;
			buildSettings = {
				ALWAYS_SEARCH_USER_PATHS = NO;
				ASSETCATALOG_COMPILER_GENERATE_SWIFT_ASSET_SYMBOL_EXTENSIONS = YES;
				CLANG_ANALYZER_NONNULL = YES;
				CLANG_ANALYZER_NUMBER_OBJECT_CONVERSION = YES_AGGRESSIVE;
				CLANG_CXX_LANGUAGE_STANDARD = "gnu++20";
				CLANG_ENABLE_MODULES = YES;
				CLANG_ENABLE_OBJC_ARC = YES;
				CLANG_ENABLE_OBJC_WEAK = YES;
				CLANG_WARN_BLOCK_CAPTURE_AUTORELEASING = YES;
				CLANG_WARN_BOOL_CONVERSION = YES;
				CLANG_WARN_COMMA = YES;
				CLANG_WARN_CONSTANT_CONVERSION = YES;
				CLANG_WARN_DEPRECATED_OBJC_IMPLEMENTATIONS = YES;
				CLANG_WARN_DIRECT_OBJC_ISA_USAGE = YES_ERROR;
				CLANG_WARN_DOCUMENTATION_COMMENTS = YES;
				CLANG_WARN_EMPTY_BODY = YES;
				CLANG_WARN_ENUM_CONVERSION = YES;
				CLANG_WARN_INFINITE_RECURSION = YES;
				CLANG_WARN_INT_CONVERSION = YES;
				CLANG_WARN_NON_LITERAL_NULL_CONVERSION = YES;
				CLANG_WARN_OBJC_IMPLICIT_RETAIN_SELF = YES;
				CLANG_WARN_OBJC_LITERAL_CONVERSION = YES;
				CLANG_WARN_OBJC_ROOT_CLASS = YES_ERROR;
				CLANG_WARN_QUOTED_INCLUDE_IN_FRAMEWORK_HEADER = YES;
				CLANG_WARN_RANGE_LOOP_ANALYSIS = YES;
				CLANG_WARN_STRICT_PROTOTYPES = YES;
				CLANG_WARN_SUSPICIOUS_MOVE = YES;
				CLANG_WARN_UNGUARDED_AVAILABILITY = YES_AGGRESSIVE;
				CLANG_WARN_UNREACHABLE_CODE = YES;
				CLANG_WARN__DUPLICATE_METHOD_MATCH = YES;
				COPY_PHASE_STRIP = NO;
				DEBUG_INFORMATION_FORMAT = dwarf;
				ENABLE_STRICT_OBJC_MSGSEND = YES;
				ENABLE_TESTABILITY = YES;
				ENABLE_USER_SCRIPT_SANDBOXING = YES;
				GCC_C_LANGUAGE_STANDARD = gnu17;
				GCC_DYNAMIC_NO_PIC = NO;
				GCC_NO_COMMON_BLOCKS = YES;
				GCC_OPTIMIZATION_LEVEL = 0;
				GCC_PREPROCESSOR_DEFINITIONS = (
					"DEBUG=1",
					"$(inherited)",
				);
				GCC_WARN_64_TO_32_BIT_CONVERSION = YES;
				GCC_WARN_ABOUT_RETURN_TYPE = YES_ERROR;
				GCC_WARN_UNDECLARED_SELECTOR = YES;
				GCC_WARN_UNINITIALIZED_AUTOS = YES_AGGRESSIVE;
				GCC_WARN_UNUSED_FUNCTION = YES;
				GCC_WARN_UNUSED_VARIABLE = YES;
				IPHONEOS_DEPLOYMENT_TARGET = 17.0;
				LOCALIZATION_PREFERS_STRING_CATALOGS = YES;
				MTL_ENABLE_DEBUG_INFO = INCLUDE_SOURCE;
				MTL_FAST_MATH = YES;
				ONLY_ACTIVE_ARCH = YES;
				SDKROOT = iphoneos;
				SWIFT_ACTIVE_COMPILATION_CONDITIONS = "DEBUG $(inherited)";
				SWIFT_OPTIMIZATION_LEVEL = "-Onone";
			};
			name = Debug;
		};
		9FE3BEB72C1FB20A007071BD /* Release */ = {
			isa = XCBuildConfiguration;
			buildSettings = {
				ALWAYS_SEARCH_USER_PATHS = NO;
				ASSETCATALOG_COMPILER_GENERATE_SWIFT_ASSET_SYMBOL_EXTENSIONS = YES;
				CLANG_ANALYZER_NONNULL = YES;
				CLANG_ANALYZER_NUMBER_OBJECT_CONVERSION = YES_AGGRESSIVE;
				CLANG_CXX_LANGUAGE_STANDARD = "gnu++20";
				CLANG_ENABLE_MODULES = YES;
				CLANG_ENABLE_OBJC_ARC = YES;
				CLANG_ENABLE_OBJC_WEAK = YES;
				CLANG_WARN_BLOCK_CAPTURE_AUTORELEASING = YES;
				CLANG_WARN_BOOL_CONVERSION = YES;
				CLANG_WARN_COMMA = YES;
				CLANG_WARN_CONSTANT_CONVERSION = YES;
				CLANG_WARN_DEPRECATED_OBJC_IMPLEMENTATIONS = YES;
				CLANG_WARN_DIRECT_OBJC_ISA_USAGE = YES_ERROR;
				CLANG_WARN_DOCUMENTATION_COMMENTS = YES;
				CLANG_WARN_EMPTY_BODY = YES;
				CLANG_WARN_ENUM_CONVERSION = YES;
				CLANG_WARN_INFINITE_RECURSION = YES;
				CLANG_WARN_INT_CONVERSION = YES;
				CLANG_WARN_NON_LITERAL_NULL_CONVERSION = YES;
				CLANG_WARN_OBJC_IMPLICIT_RETAIN_SELF = YES;
				CLANG_WARN_OBJC_LITERAL_CONVERSION = YES;
				CLANG_WARN_OBJC_ROOT_CLASS = YES_ERROR;
				CLANG_WARN_QUOTED_INCLUDE_IN_FRAMEWORK_HEADER = YES;
				CLANG_WARN_RANGE_LOOP_ANALYSIS = YES;
				CLANG_WARN_STRICT_PROTOTYPES = YES;
				CLANG_WARN_SUSPICIOUS_MOVE = YES;
				CLANG_WARN_UNGUARDED_AVAILABILITY = YES_AGGRESSIVE;
				CLANG_WARN_UNREACHABLE_CODE = YES;
				CLANG_WARN__DUPLICATE_METHOD_MATCH = YES;
				COPY_PHASE_STRIP = NO;
				DEBUG_INFORMATION_FORMAT = "dwarf-with-dsym";
				ENABLE_NS_ASSERTIONS = NO;
				ENABLE_STRICT_OBJC_MSGSEND = YES;
				ENABLE_USER_SCRIPT_SANDBOXING = YES;
				GCC_C_LANGUAGE_STANDARD = gnu17;
				GCC_NO_COMMON_BLOCKS = YES;
				GCC_WARN_64_TO_32_BIT_CONVERSION = YES;
				GCC_WARN_ABOUT_RETURN_TYPE = YES_ERROR;
				GCC_WARN_UNDECLARED_SELECTOR = YES;
				GCC_WARN_UNINITIALIZED_AUTOS = YES_AGGRESSIVE;
				GCC_WARN_UNUSED_FUNCTION = YES;
				GCC_WARN_UNUSED_VARIABLE = YES;
				IPHONEOS_DEPLOYMENT_TARGET = 17.0;
				LOCALIZATION_PREFERS_STRING_CATALOGS = YES;
				MTL_ENABLE_DEBUG_INFO = NO;
				MTL_FAST_MATH = YES;
				SDKROOT = iphoneos;
				SWIFT_COMPILATION_MODE = wholemodule;
				VALIDATE_PRODUCT = YES;
			};
			name = Release;
		};
		9FE3BEB92C1FB20A007071BD /* Debug */ = {
			isa = XCBuildConfiguration;
			buildSettings = {
				ASSETCATALOG_COMPILER_APPICON_NAME = AppIcon;
				ASSETCATALOG_COMPILER_GLOBAL_ACCENT_COLOR_NAME = AccentColor;
				CODE_SIGN_STYLE = Automatic;
				CURRENT_PROJECT_VERSION = 1;
				DEVELOPMENT_ASSET_PATHS = "\"TopMovies/Preview Content\"";
				DEVELOPMENT_TEAM = D9DSWYW272;
				ENABLE_PREVIEWS = YES;
				GENERATE_INFOPLIST_FILE = YES;
				INFOPLIST_KEY_UIApplicationSceneManifest_Generation = YES;
				INFOPLIST_KEY_UIApplicationSupportsIndirectInputEvents = YES;
				INFOPLIST_KEY_UILaunchScreen_Generation = YES;
				INFOPLIST_KEY_UISupportedInterfaceOrientations_iPad = "UIInterfaceOrientationPortrait UIInterfaceOrientationPortraitUpsideDown UIInterfaceOrientationLandscapeLeft UIInterfaceOrientationLandscapeRight";
				INFOPLIST_KEY_UISupportedInterfaceOrientations_iPhone = "UIInterfaceOrientationPortrait UIInterfaceOrientationLandscapeLeft UIInterfaceOrientationLandscapeRight";
				LD_RUNPATH_SEARCH_PATHS = (
					"$(inherited)",
					"@executable_path/Frameworks",
				);
				MARKETING_VERSION = 1.0;
				PRODUCT_BUNDLE_IDENTIFIER = FacundoKzemin.TopMovies;
				PRODUCT_NAME = "$(TARGET_NAME)";
				SWIFT_EMIT_LOC_STRINGS = YES;
				SWIFT_VERSION = 5.0;
				TARGETED_DEVICE_FAMILY = "1,2";
			};
			name = Debug;
		};
		9FE3BEBA2C1FB20A007071BD /* Release */ = {
			isa = XCBuildConfiguration;
			buildSettings = {
				ASSETCATALOG_COMPILER_APPICON_NAME = AppIcon;
				ASSETCATALOG_COMPILER_GLOBAL_ACCENT_COLOR_NAME = AccentColor;
				CODE_SIGN_STYLE = Automatic;
				CURRENT_PROJECT_VERSION = 1;
				DEVELOPMENT_ASSET_PATHS = "\"TopMovies/Preview Content\"";
				DEVELOPMENT_TEAM = D9DSWYW272;
				ENABLE_PREVIEWS = YES;
				GENERATE_INFOPLIST_FILE = YES;
				INFOPLIST_KEY_UIApplicationSceneManifest_Generation = YES;
				INFOPLIST_KEY_UIApplicationSupportsIndirectInputEvents = YES;
				INFOPLIST_KEY_UILaunchScreen_Generation = YES;
				INFOPLIST_KEY_UISupportedInterfaceOrientations_iPad = "UIInterfaceOrientationPortrait UIInterfaceOrientationPortraitUpsideDown UIInterfaceOrientationLandscapeLeft UIInterfaceOrientationLandscapeRight";
				INFOPLIST_KEY_UISupportedInterfaceOrientations_iPhone = "UIInterfaceOrientationPortrait UIInterfaceOrientationLandscapeLeft UIInterfaceOrientationLandscapeRight";
				LD_RUNPATH_SEARCH_PATHS = (
					"$(inherited)",
					"@executable_path/Frameworks",
				);
				MARKETING_VERSION = 1.0;
				PRODUCT_BUNDLE_IDENTIFIER = FacundoKzemin.TopMovies;
				PRODUCT_NAME = "$(TARGET_NAME)";
				SWIFT_EMIT_LOC_STRINGS = YES;
				SWIFT_VERSION = 5.0;
				TARGETED_DEVICE_FAMILY = "1,2";
			};
			name = Release;
		};
/* End XCBuildConfiguration section */

/* Begin XCConfigurationList section */
		9FE3BEA52C1FB209007071BD /* Build configuration list for PBXProject "TopMovies" */ = {
			isa = XCConfigurationList;
			buildConfigurations = (
				9FE3BEB62C1FB20A007071BD /* Debug */,
				9FE3BEB72C1FB20A007071BD /* Release */,
			);
			defaultConfigurationIsVisible = 0;
			defaultConfigurationName = Release;
		};
		9FE3BEB82C1FB20A007071BD /* Build configuration list for PBXNativeTarget "TopMovies" */ = {
			isa = XCConfigurationList;
			buildConfigurations = (
				9FE3BEB92C1FB20A007071BD /* Debug */,
				9FE3BEBA2C1FB20A007071BD /* Release */,
			);
			defaultConfigurationIsVisible = 0;
			defaultConfigurationName = Release;
		};
/* End XCConfigurationList section */
	};
	rootObject = 9FE3BEA22C1FB209007071BD /* Project object */;
}
